// !$*UTF8*$!
{
	archiveVersion = 1;
	classes = {
	};
	objectVersion = 77;
	objects = {

/* Begin PBXBuildFile section */
		06C8D7F8DB229F7C6C124AAE /* DragSession.swift in Sources */ = {isa = PBXBuildFile; fileRef = 024ACF751012474242A4CFEA /* DragSession.swift */; };
		160531C92641B80290200B17 /* TabbedPaneView.swift in Sources */ = {isa = PBXBuildFile; fileRef = FF829F5CEA93B65BC5DD80DD /* TabbedPaneView.swift */; };
		190363FCDA2D3E4EE6C4EC61 /* AppLaunchConfiguration.swift in Sources */ = {isa = PBXBuildFile; fileRef = 53895C4C70A28982F42E5CC5 /* AppLaunchConfiguration.swift */; };
		1FD4C9A9510AC05D48A51878 /* SidebarView.swift in Sources */ = {isa = PBXBuildFile; fileRef = BB1FCAFC159B3C62AA703FF4 /* SidebarView.swift */; };
		275913E3B9EDB94C04C1EE1B /* ContentView.swift in Sources */ = {isa = PBXBuildFile; fileRef = D947AC508D8CE7BB18754F45 /* ContentView.swift */; };
		2FDC643129C95A746BF397FA /* DividerBadge.swift in Sources */ = {isa = PBXBuildFile; fileRef = D76C1DA844CB7919D0C9AA59 /* DividerBadge.swift */; };
		359724AAB6DC2C1959768C64 /* FolderSizeViewModel.swift in Sources */ = {isa = PBXBuildFile; fileRef = 2AE46D268E463B795E40491C /* FolderSizeViewModel.swift */; };
		3602D64A33DD2006A607F0FF /* FileItem.swift in Sources */ = {isa = PBXBuildFile; fileRef = FCC3D5E60D09AC656E2909DC /* FileItem.swift */; };
		3EF174C27D1DCA2DE9AC5DEE /* SortKey.swift in Sources */ = {isa = PBXBuildFile; fileRef = 29981D0AB79444E1ABC9730B /* SortKey.swift */; };
		4BA27692CC9E4D531417B724 /* TabbedPaneState.swift in Sources */ = {isa = PBXBuildFile; fileRef = 3F556D8EE1829E239ECC1BEF /* TabbedPaneState.swift */; };
		5950B259F444B38A611B985B /* PaneView.swift in Sources */ = {isa = PBXBuildFile; fileRef = 01DDA2CC40E5319402BB8599 /* PaneView.swift */; };
		5A6428E209C5523D98C784FD /* CustomActionsModel.swift in Sources */ = {isa = PBXBuildFile; fileRef = 79311C96D7729B5D1F623EE2 /* CustomActionsModel.swift */; };
		5AE9F3D68C8A93B444D66EF0 /* GlobalToolbar.swift in Sources */ = {isa = PBXBuildFile; fileRef = 9B3E094F4DD9EACCEAF7B746 /* GlobalToolbar.swift */; };
		5BE9471D6FF24C70E7F92671 /* CommandRunnerView.swift in Sources */ = {isa = PBXBuildFile; fileRef = 6B2BAB5B21B382FA2E6ED5C3 /* CommandRunnerView.swift */; };
		5DD7315CF6BE1F4073A69341 /* DOpusMacEndToEndUITests.swift in Sources */ = {isa = PBXBuildFile; fileRef = 5732558C904B7F3EFAECB1FA /* DOpusMacEndToEndUITests.swift */; };
		6ED065770AB9287A03A0AB26 /* PaneStatusFormatter.swift in Sources */ = {isa = PBXBuildFile; fileRef = CF5FDA5A85DB03DB98022E7B /* PaneStatusFormatter.swift */; };
		7A53582FC90AD8D58840A77F /* SidebarModel.swift in Sources */ = {isa = PBXBuildFile; fileRef = E00B8C44B2618F3C7EF4964A /* SidebarModel.swift */; };
		8978AE51E421FF3B8D0D1629 /* FileOperationService.swift in Sources */ = {isa = PBXBuildFile; fileRef = 2FF13EF2C3F104AE76E8C143 /* FileOperationService.swift */; };
		97D08BD7668A503BC129B435 /* Assets.xcassets in Resources */ = {isa = PBXBuildFile; fileRef = 004BD234DAC77AF8505C0FE5 /* Assets.xcassets */; };
		B12EE5E58C43627F1074686A /* AppSettings.swift in Sources */ = {isa = PBXBuildFile; fileRef = B62D456E0AEAAA0841607BBA /* AppSettings.swift */; };
		B1FB6D8205F8FA765A53A1C3 /* AppNotifications.swift in Sources */ = {isa = PBXBuildFile; fileRef = 40AB477693CC07066740989C /* AppNotifications.swift */; };
		C0799D0B25F9B95126879A45 /* CustomActionsSettingsView.swift in Sources */ = {isa = PBXBuildFile; fileRef = EA07523AA716E51CC23B5B69 /* CustomActionsSettingsView.swift */; };
		C1067881301FD69F00DB8FF3 /* ColumnResizeHandle.swift in Sources */ = {isa = PBXBuildFile; fileRef = C1067880301FD69F00DB8FF3 /* ColumnResizeHandle.swift */; };
		C10678833020F23900DB8FF3 /* PropertiesView.swift in Sources */ = {isa = PBXBuildFile; fileRef = C10678823020F23900DB8FF3 /* PropertiesView.swift */; };
		C14436B1302A6FC1001F14EE /* FolderCompareService.swift in Sources */ = {isa = PBXBuildFile; fileRef = C14436B0302A6FC1001F14EE /* FolderCompareService.swift */; };
		C14436B3302F4E16001F14EE /* DuplicateFinderViewModel.swift in Sources */ = {isa = PBXBuildFile; fileRef = C14436B2302F4E16001F14EE /* DuplicateFinderViewModel.swift */; };
		C14436B5302F4E2C001F14EE /* DuplicateFinderView.swift in Sources */ = {isa = PBXBuildFile; fileRef = C14436B4302F4E2C001F14EE /* DuplicateFinderView.swift */; };
		C45D7429D0F95157EE630D30 /* TextPromptSheet.swift in Sources */ = {isa = PBXBuildFile; fileRef = 8BA62FE014CE065E9A734479 /* TextPromptSheet.swift */; };
		C8E234C93CF748E42BDC141B /* DOpusMacApp.swift in Sources */ = {isa = PBXBuildFile; fileRef = 7188031451E636B5A4568872 /* DOpusMacApp.swift */; };
		C9F9F1137AAF6E5359EEC891 /* RowMouseEventView.swift in Sources */ = {isa = PBXBuildFile; fileRef = 066DA313A81C17892873C1BB /* RowMouseEventView.swift */; };
		CD3AD85E250A1AA1A6B380F2 /* SmartMetadataService.swift in Sources */ = {isa = PBXBuildFile; fileRef = 23C9DF73718E87AA7638F2E3 /* SmartMetadataService.swift */; };
		D0E2E22018B7EA6033A1ABB2 /* FileRowView.swift in Sources */ = {isa = PBXBuildFile; fileRef = 597EF2F9F72BA7A13D23E61D /* FileRowView.swift */; };
		DF326056ADE6624DAFB145A1 /* FolderSizeView.swift in Sources */ = {isa = PBXBuildFile; fileRef = 1AABC72CDC050188E2E79348 /* FolderSizeView.swift */; };
		E09233F4340E0DECF21F9758 /* PaneState.swift in Sources */ = {isa = PBXBuildFile; fileRef = A4D06112CFB9137EB63B5454 /* PaneState.swift */; };
		ECC69A81922FC4122EA2F3B5 /* PaneSide.swift in Sources */ = {isa = PBXBuildFile; fileRef = 4B90B0ACDB4F7CAEF26056D1 /* PaneSide.swift */; };
		F70122138C2FD54EB5C8D4D5 /* SettingsView.swift in Sources */ = {isa = PBXBuildFile; fileRef = 1042FE2310A11B1D327E60C1 /* SettingsView.swift */; };
		F83C680FDEB6F88197AFFFA0 /* QuickLookCoordinator.swift in Sources */ = {isa = PBXBuildFile; fileRef = ACDF7B343D44A51CAC660BBE /* QuickLookCoordinator.swift */; };
/* End PBXBuildFile section */

/* Begin PBXContainerItemProxy section */
		BB3CD0E29448E4749C7BA129 /* PBXContainerItemProxy */ = {
			isa = PBXContainerItemProxy;
			containerPortal = 2735387110C5CA61D63E1BE0 /* Project object */;
			proxyType = 1;
			remoteGlobalIDString = 74D681D1EE56FDC67E22CE35;
			remoteInfo = DOpusMac;
		};
/* End PBXContainerItemProxy section */

/* Begin PBXFileReference section */
		004BD234DAC77AF8505C0FE5 /* Assets.xcassets */ = {isa = PBXFileReference; lastKnownFileType = folder.assetcatalog; path = Assets.xcassets; sourceTree = "<group>"; };
		01DDA2CC40E5319402BB8599 /* PaneView.swift */ = {isa = PBXFileReference; lastKnownFileType = sourcecode.swift; path = PaneView.swift; sourceTree = "<group>"; };
		024ACF751012474242A4CFEA /* DragSession.swift */ = {isa = PBXFileReference; lastKnownFileType = sourcecode.swift; path = DragSession.swift; sourceTree = "<group>"; };
		066DA313A81C17892873C1BB /* RowMouseEventView.swift */ = {isa = PBXFileReference; lastKnownFileType = sourcecode.swift; path = RowMouseEventView.swift; sourceTree = "<group>"; };
		1042FE2310A11B1D327E60C1 /* SettingsView.swift */ = {isa = PBXFileReference; lastKnownFileType = sourcecode.swift; path = SettingsView.swift; sourceTree = "<group>"; };
		1AABC72CDC050188E2E79348 /* FolderSizeView.swift */ = {isa = PBXFileReference; lastKnownFileType = sourcecode.swift; path = FolderSizeView.swift; sourceTree = "<group>"; };
		23C9DF73718E87AA7638F2E3 /* SmartMetadataService.swift */ = {isa = PBXFileReference; lastKnownFileType = sourcecode.swift; path = SmartMetadataService.swift; sourceTree = "<group>"; };
		283143C0CCA8DBBC3B6A4F13 /* DOpusMacEndToEndUITests.xctest */ = {isa = PBXFileReference; explicitFileType = wrapper.cfbundle; includeInIndex = 0; path = DOpusMacEndToEndUITests.xctest; sourceTree = BUILT_PRODUCTS_DIR; };
		29981D0AB79444E1ABC9730B /* SortKey.swift */ = {isa = PBXFileReference; lastKnownFileType = sourcecode.swift; path = SortKey.swift; sourceTree = "<group>"; };
		2AE46D268E463B795E40491C /* FolderSizeViewModel.swift */ = {isa = PBXFileReference; lastKnownFileType = sourcecode.swift; path = FolderSizeViewModel.swift; sourceTree = "<group>"; };
		2FF13EF2C3F104AE76E8C143 /* FileOperationService.swift */ = {isa = PBXFileReference; lastKnownFileType = sourcecode.swift; path = FileOperationService.swift; sourceTree = "<group>"; };
		3F556D8EE1829E239ECC1BEF /* TabbedPaneState.swift */ = {isa = PBXFileReference; lastKnownFileType = sourcecode.swift; path = TabbedPaneState.swift; sourceTree = "<group>"; };
		40AB477693CC07066740989C /* AppNotifications.swift */ = {isa = PBXFileReference; lastKnownFileType = sourcecode.swift; path = AppNotifications.swift; sourceTree = "<group>"; };
		4B90B0ACDB4F7CAEF26056D1 /* PaneSide.swift */ = {isa = PBXFileReference; lastKnownFileType = sourcecode.swift; path = PaneSide.swift; sourceTree = "<group>"; };
		4BABD45CAA21C92E81639C48 /* DOpusMac.app */ = {isa = PBXFileReference; explicitFileType = wrapper.application; includeInIndex = 0; path = DOpusMac.app; sourceTree = BUILT_PRODUCTS_DIR; };
		53895C4C70A28982F42E5CC5 /* AppLaunchConfiguration.swift */ = {isa = PBXFileReference; lastKnownFileType = sourcecode.swift; path = AppLaunchConfiguration.swift; sourceTree = "<group>"; };
		5732558C904B7F3EFAECB1FA /* DOpusMacEndToEndUITests.swift */ = {isa = PBXFileReference; lastKnownFileType = sourcecode.swift; path = DOpusMacEndToEndUITests.swift; sourceTree = "<group>"; };
		597EF2F9F72BA7A13D23E61D /* FileRowView.swift */ = {isa = PBXFileReference; lastKnownFileType = sourcecode.swift; path = FileRowView.swift; sourceTree = "<group>"; };
		6B2BAB5B21B382FA2E6ED5C3 /* CommandRunnerView.swift */ = {isa = PBXFileReference; lastKnownFileType = sourcecode.swift; path = CommandRunnerView.swift; sourceTree = "<group>"; };
		7188031451E636B5A4568872 /* DOpusMacApp.swift */ = {isa = PBXFileReference; lastKnownFileType = sourcecode.swift; path = DOpusMacApp.swift; sourceTree = "<group>"; };
		79311C96D7729B5D1F623EE2 /* CustomActionsModel.swift */ = {isa = PBXFileReference; lastKnownFileType = sourcecode.swift; path = CustomActionsModel.swift; sourceTree = "<group>"; };
		8769EACEAF89ED9A529C19C7 /* UserGuide.html */ = {isa = PBXFileReference; lastKnownFileType = text.html; path = UserGuide.html; sourceTree = "<group>"; };
		8BA62FE014CE065E9A734479 /* TextPromptSheet.swift */ = {isa = PBXFileReference; lastKnownFileType = sourcecode.swift; path = TextPromptSheet.swift; sourceTree = "<group>"; };
		9B3E094F4DD9EACCEAF7B746 /* GlobalToolbar.swift */ = {isa = PBXFileReference; lastKnownFileType = sourcecode.swift; path = GlobalToolbar.swift; sourceTree = "<group>"; };
		A0D53C24DA1D7BAB7FB6BF6E /* TODO.md */ = {isa = PBXFileReference; lastKnownFileType = net.daringfireball.markdown; path = TODO.md; sourceTree = "<group>"; };
		A4D06112CFB9137EB63B5454 /* PaneState.swift */ = {isa = PBXFileReference; lastKnownFileType = sourcecode.swift; path = PaneState.swift; sourceTree = "<group>"; };
		ACDF7B343D44A51CAC660BBE /* QuickLookCoordinator.swift */ = {isa = PBXFileReference; lastKnownFileType = sourcecode.swift; path = QuickLookCoordinator.swift; sourceTree = "<group>"; };
		B62D456E0AEAAA0841607BBA /* AppSettings.swift */ = {isa = PBXFileReference; lastKnownFileType = sourcecode.swift; path = AppSettings.swift; sourceTree = "<group>"; };
		BB1FCAFC159B3C62AA703FF4 /* SidebarView.swift */ = {isa = PBXFileReference; lastKnownFileType = sourcecode.swift; path = SidebarView.swift; sourceTree = "<group>"; };
		C1067880301FD69F00DB8FF3 /* ColumnResizeHandle.swift */ = {isa = PBXFileReference; lastKnownFileType = sourcecode.swift; path = ColumnResizeHandle.swift; sourceTree = "<group>"; };
		C10678823020F23900DB8FF3 /* PropertiesView.swift */ = {isa = PBXFileReference; lastKnownFileType = sourcecode.swift; path = PropertiesView.swift; sourceTree = "<group>"; };
		C14436B0302A6FC1001F14EE /* FolderCompareService.swift */ = {isa = PBXFileReference; lastKnownFileType = sourcecode.swift; path = FolderCompareService.swift; sourceTree = "<group>"; };
		C14436B2302F4E16001F14EE /* DuplicateFinderViewModel.swift */ = {isa = PBXFileReference; lastKnownFileType = sourcecode.swift; path = DuplicateFinderViewModel.swift; sourceTree = "<group>"; };
		C14436B4302F4E2C001F14EE /* DuplicateFinderView.swift */ = {isa = PBXFileReference; lastKnownFileType = sourcecode.swift; path = DuplicateFinderView.swift; sourceTree = "<group>"; };
		CF5FDA5A85DB03DB98022E7B /* PaneStatusFormatter.swift */ = {isa = PBXFileReference; lastKnownFileType = sourcecode.swift; path = PaneStatusFormatter.swift; sourceTree = "<group>"; };
		D19B8EAD7096D1EF1069DCBE /* project.yml */ = {isa = PBXFileReference; lastKnownFileType = text.yaml; path = project.yml; sourceTree = "<group>"; };
		D76C1DA844CB7919D0C9AA59 /* DividerBadge.swift */ = {isa = PBXFileReference; lastKnownFileType = sourcecode.swift; path = DividerBadge.swift; sourceTree = "<group>"; };
		D947AC508D8CE7BB18754F45 /* ContentView.swift */ = {isa = PBXFileReference; lastKnownFileType = sourcecode.swift; path = ContentView.swift; sourceTree = "<group>"; };
		E00B8C44B2618F3C7EF4964A /* SidebarModel.swift */ = {isa = PBXFileReference; lastKnownFileType = sourcecode.swift; path = SidebarModel.swift; sourceTree = "<group>"; };
		E05DAE897BDA8D5CB9E5B861 /* Package.swift */ = {isa = PBXFileReference; lastKnownFileType = sourcecode.swift; path = Package.swift; sourceTree = "<group>"; };
		EA07523AA716E51CC23B5B69 /* CustomActionsSettingsView.swift */ = {isa = PBXFileReference; lastKnownFileType = sourcecode.swift; path = CustomActionsSettingsView.swift; sourceTree = "<group>"; };
		F6A7B525F6C2C259988ABBA0 /* README.md */ = {isa = PBXFileReference; lastKnownFileType = net.daringfireball.markdown; path = README.md; sourceTree = "<group>"; };
		FCC3D5E60D09AC656E2909DC /* FileItem.swift */ = {isa = PBXFileReference; lastKnownFileType = sourcecode.swift; path = FileItem.swift; sourceTree = "<group>"; };
		FF829F5CEA93B65BC5DD80DD /* TabbedPaneView.swift */ = {isa = PBXFileReference; lastKnownFileType = sourcecode.swift; path = TabbedPaneView.swift; sourceTree = "<group>"; };
/* End PBXFileReference section */

/* Begin PBXGroup section */
		107D0978B86E793E5818D708 /* DOpusMacEndToEndUITests */ = {
			isa = PBXGroup;
			children = (
				5732558C904B7F3EFAECB1FA /* DOpusMacEndToEndUITests.swift */,
			);
			name = DOpusMacEndToEndUITests;
			path = UITests/DOpusMacEndToEndUITests;
			sourceTree = "<group>";
		};
		1CD585C1CF44A1C565B2C291 = {
			isa = PBXGroup;
			children = (
				E05DAE897BDA8D5CB9E5B861 /* Package.swift */,
				D19B8EAD7096D1EF1069DCBE /* project.yml */,
				E596A4DFE15D4E0460AA8324 /* Docs */,
				7D5742766C9235F60CEE76B1 /* DOpusMac */,
				107D0978B86E793E5818D708 /* DOpusMacEndToEndUITests */,
				2FA470B6B0D8CCE2DBE7D27A /* Products */,
			);
			sourceTree = "<group>";
		};
		2F226F3B2C65909346402DE7 /* ViewModels */ = {
			isa = PBXGroup;
			children = (
				2AE46D268E463B795E40491C /* FolderSizeViewModel.swift */,
				A4D06112CFB9137EB63B5454 /* PaneState.swift */,
				3F556D8EE1829E239ECC1BEF /* TabbedPaneState.swift */,
				C14436B2302F4E16001F14EE /* DuplicateFinderViewModel.swift */,
			);
			path = ViewModels;
			sourceTree = "<group>";
		};
		2FA470B6B0D8CCE2DBE7D27A /* Products */ = {
			isa = PBXGroup;
			children = (
				4BABD45CAA21C92E81639C48 /* DOpusMac.app */,
				283143C0CCA8DBBC3B6A4F13 /* DOpusMacEndToEndUITests.xctest */,
			);
			name = Products;
			sourceTree = "<group>";
		};
		7D5742766C9235F60CEE76B1 /* DOpusMac */ = {
			isa = PBXGroup;
			children = (
				004BD234DAC77AF8505C0FE5 /* Assets.xcassets */,
				7188031451E636B5A4568872 /* DOpusMacApp.swift */,
				E9B5113A74B9AC55BCD3E7B3 /* Models */,
				2F226F3B2C65909346402DE7 /* ViewModels */,
				BA1341CA83C7B54422229275 /* Views */,
			);
			name = DOpusMac;
			path = Sources/DOpusMac;
			sourceTree = "<group>";
		};
		BA1341CA83C7B54422229275 /* Views */ = {
			isa = PBXGroup;
			children = (
				6B2BAB5B21B382FA2E6ED5C3 /* CommandRunnerView.swift */,
				D947AC508D8CE7BB18754F45 /* ContentView.swift */,
				EA07523AA716E51CC23B5B69 /* CustomActionsSettingsView.swift */,
				D76C1DA844CB7919D0C9AA59 /* DividerBadge.swift */,
				597EF2F9F72BA7A13D23E61D /* FileRowView.swift */,
				1AABC72CDC050188E2E79348 /* FolderSizeView.swift */,
				9B3E094F4DD9EACCEAF7B746 /* GlobalToolbar.swift */,
				01DDA2CC40E5319402BB8599 /* PaneView.swift */,
				ACDF7B343D44A51CAC660BBE /* QuickLookCoordinator.swift */,
				066DA313A81C17892873C1BB /* RowMouseEventView.swift */,
				1042FE2310A11B1D327E60C1 /* SettingsView.swift */,
				BB1FCAFC159B3C62AA703FF4 /* SidebarView.swift */,
				FF829F5CEA93B65BC5DD80DD /* TabbedPaneView.swift */,
				8BA62FE014CE065E9A734479 /* TextPromptSheet.swift */,
				C1067880301FD69F00DB8FF3 /* ColumnResizeHandle.swift */,
				C10678823020F23900DB8FF3 /* PropertiesView.swift */,
				C14436B4302F4E2C001F14EE /* DuplicateFinderView.swift */,
			);
			path = Views;
			sourceTree = "<group>";
		};
		E596A4DFE15D4E0460AA8324 /* Docs */ = {
			isa = PBXGroup;
			children = (
				F6A7B525F6C2C259988ABBA0 /* README.md */,
				A0D53C24DA1D7BAB7FB6BF6E /* TODO.md */,
				8769EACEAF89ED9A529C19C7 /* UserGuide.html */,
			);
			path = Docs;
			sourceTree = "<group>";
		};
		E9B5113A74B9AC55BCD3E7B3 /* Models */ = {
			isa = PBXGroup;
			children = (
				53895C4C70A28982F42E5CC5 /* AppLaunchConfiguration.swift */,
				40AB477693CC07066740989C /* AppNotifications.swift */,
				B62D456E0AEAAA0841607BBA /* AppSettings.swift */,
				79311C96D7729B5D1F623EE2 /* CustomActionsModel.swift */,
				024ACF751012474242A4CFEA /* DragSession.swift */,
				FCC3D5E60D09AC656E2909DC /* FileItem.swift */,
				2FF13EF2C3F104AE76E8C143 /* FileOperationService.swift */,
				4B90B0ACDB4F7CAEF26056D1 /* PaneSide.swift */,
				CF5FDA5A85DB03DB98022E7B /* PaneStatusFormatter.swift */,
				E00B8C44B2618F3C7EF4964A /* SidebarModel.swift */,
				23C9DF73718E87AA7638F2E3 /* SmartMetadataService.swift */,
				29981D0AB79444E1ABC9730B /* SortKey.swift */,
				C14436B0302A6FC1001F14EE /* FolderCompareService.swift */,
			);
			path = Models;
			sourceTree = "<group>";
		};
/* End PBXGroup section */

/* Begin PBXNativeTarget section */
		1A3FB2B79BE00A17BFA702E6 /* DOpusMacEndToEndUITests */ = {
			isa = PBXNativeTarget;
			buildConfigurationList = 99BC92B60D4B5FF8BF28519B /* Build configuration list for PBXNativeTarget "DOpusMacEndToEndUITests" */;
			buildPhases = (
				0F2E183719FF0694B67EFA9F /* Sources */,
			);
			buildRules = (
			);
			dependencies = (
				B87D02C4D8E0AD4979D487E6 /* PBXTargetDependency */,
			);
			name = DOpusMacEndToEndUITests;
			packageProductDependencies = (
			);
			productName = DOpusMacEndToEndUITests;
			productReference = 283143C0CCA8DBBC3B6A4F13 /* DOpusMacEndToEndUITests.xctest */;
			productType = "com.apple.product-type.bundle.ui-testing";
		};
		74D681D1EE56FDC67E22CE35 /* DOpusMac */ = {
			isa = PBXNativeTarget;
			buildConfigurationList = D181609BCF8046F137150930 /* Build configuration list for PBXNativeTarget "DOpusMac" */;
			buildPhases = (
				D7C4CBB057C0E7CD97772937 /* Sources */,
				5B3F8FA9030B399553EEA59F /* Resources */,
				4440A06DD5618F228AF3F269 /* Increment Build Number */,
			);
			buildRules = (
			);
			dependencies = (
			);
			name = DOpusMac;
			packageProductDependencies = (
			);
			productName = DOpusMac;
			productReference = 4BABD45CAA21C92E81639C48 /* DOpusMac.app */;
			productType = "com.apple.product-type.application";
		};
/* End PBXNativeTarget section */

/* Begin PBXProject section */
		2735387110C5CA61D63E1BE0 /* Project object */ = {
			isa = PBXProject;
			attributes = {
				BuildIndependentTargetsInParallel = YES;
				LastUpgradeCheck = 1430;
				TargetAttributes = {
					1A3FB2B79BE00A17BFA702E6 = {
						TestTargetID = 74D681D1EE56FDC67E22CE35;
					};
					74D681D1EE56FDC67E22CE35 = {
						ProvisioningStyle = Automatic;
					};
				};
			};
			buildConfigurationList = 4023BD54CE83E12087A87234 /* Build configuration list for PBXProject "DOpusMac" */;
			developmentRegion = en;
			hasScannedForEncodings = 0;
			knownRegions = (
				Base,
				en,
			);
			mainGroup = 1CD585C1CF44A1C565B2C291;
			minimizedProjectReferenceProxies = 1;
			preferredProjectObjectVersion = 77;
			productRefGroup = 2FA470B6B0D8CCE2DBE7D27A /* Products */;
			projectDirPath = "";
			projectRoot = "";
			targets = (
				74D681D1EE56FDC67E22CE35 /* DOpusMac */,
				1A3FB2B79BE00A17BFA702E6 /* DOpusMacEndToEndUITests */,
			);
		};
/* End PBXProject section */

/* Begin PBXResourcesBuildPhase section */
		5B3F8FA9030B399553EEA59F /* Resources */ = {
			isa = PBXResourcesBuildPhase;
			buildActionMask = 2147483647;
			files = (
				97D08BD7668A503BC129B435 /* Assets.xcassets in Resources */,
			);
			runOnlyForDeploymentPostprocessing = 0;
		};
/* End PBXResourcesBuildPhase section */

/* Begin PBXShellScriptBuildPhase section */
		4440A06DD5618F228AF3F269 /* Increment Build Number */ = {
			isa = PBXShellScriptBuildPhase;
			buildActionMask = 2147483647;
			files = (
			);
			inputFileListPaths = (
			);
			inputPaths = (
			);
			name = "Increment Build Number";
			outputFileListPaths = (
			);
			outputPaths = (
			);
			runOnlyForDeploymentPostprocessing = 0;
			shellPath = /bin/sh;
			shellScript = "BUILD_FILE=\"${SRCROOT}/BuildNumber.txt\"\nif [ ! -f \"$BUILD_FILE\" ]; then echo \"0\" > \"$BUILD_FILE\"; fi\nBUILD=$(cat \"$BUILD_FILE\")\nBUILD=$((BUILD + 1))\nprintf \"%d\" \"$BUILD\" > \"$BUILD_FILE\"\n/usr/libexec/PlistBuddy -c \"Set :CFBundleVersion $BUILD\" \"${BUILT_PRODUCTS_DIR}/${INFOPLIST_PATH}\"\n";
		};
/* End PBXShellScriptBuildPhase section */

/* Begin PBXSourcesBuildPhase section */
		0F2E183719FF0694B67EFA9F /* Sources */ = {
			isa = PBXSourcesBuildPhase;
			buildActionMask = 2147483647;
			files = (
				5DD7315CF6BE1F4073A69341 /* DOpusMacEndToEndUITests.swift in Sources */,
			);
			runOnlyForDeploymentPostprocessing = 0;
		};
		D7C4CBB057C0E7CD97772937 /* Sources */ = {
			isa = PBXSourcesBuildPhase;
			buildActionMask = 2147483647;
			files = (
				C14436B5302F4E2C001F14EE /* DuplicateFinderView.swift in Sources */,
				C14436B1302A6FC1001F14EE /* FolderCompareService.swift in Sources */,
				190363FCDA2D3E4EE6C4EC61 /* AppLaunchConfiguration.swift in Sources */,
				C1067881301FD69F00DB8FF3 /* ColumnResizeHandle.swift in Sources */,
				B1FB6D8205F8FA765A53A1C3 /* AppNotifications.swift in Sources */,
				C10678833020F23900DB8FF3 /* PropertiesView.swift in Sources */,
				B12EE5E58C43627F1074686A /* AppSettings.swift in Sources */,
				5BE9471D6FF24C70E7F92671 /* CommandRunnerView.swift in Sources */,
				275913E3B9EDB94C04C1EE1B /* ContentView.swift in Sources */,
				5A6428E209C5523D98C784FD /* CustomActionsModel.swift in Sources */,
				C0799D0B25F9B95126879A45 /* CustomActionsSettingsView.swift in Sources */,
				C8E234C93CF748E42BDC141B /* DOpusMacApp.swift in Sources */,
				2FDC643129C95A746BF397FA /* DividerBadge.swift in Sources */,
				06C8D7F8DB229F7C6C124AAE /* DragSession.swift in Sources */,
				3602D64A33DD2006A607F0FF /* FileItem.swift in Sources */,
				8978AE51E421FF3B8D0D1629 /* FileOperationService.swift in Sources */,
				D0E2E22018B7EA6033A1ABB2 /* FileRowView.swift in Sources */,
				DF326056ADE6624DAFB145A1 /* FolderSizeView.swift in Sources */,
				359724AAB6DC2C1959768C64 /* FolderSizeViewModel.swift in Sources */,
				5AE9F3D68C8A93B444D66EF0 /* GlobalToolbar.swift in Sources */,
				ECC69A81922FC4122EA2F3B5 /* PaneSide.swift in Sources */,
				E09233F4340E0DECF21F9758 /* PaneState.swift in Sources */,
				6ED065770AB9287A03A0AB26 /* PaneStatusFormatter.swift in Sources */,
				5950B259F444B38A611B985B /* PaneView.swift in Sources */,
				F83C680FDEB6F88197AFFFA0 /* QuickLookCoordinator.swift in Sources */,
				C14436B3302F4E16001F14EE /* DuplicateFinderViewModel.swift in Sources */,
				C9F9F1137AAF6E5359EEC891 /* RowMouseEventView.swift in Sources */,
				F70122138C2FD54EB5C8D4D5 /* SettingsView.swift in Sources */,
				7A53582FC90AD8D58840A77F /* SidebarModel.swift in Sources */,
				1FD4C9A9510AC05D48A51878 /* SidebarView.swift in Sources */,
				CD3AD85E250A1AA1A6B380F2 /* SmartMetadataService.swift in Sources */,
				3EF174C27D1DCA2DE9AC5DEE /* SortKey.swift in Sources */,
				4BA27692CC9E4D531417B724 /* TabbedPaneState.swift in Sources */,
				160531C92641B80290200B17 /* TabbedPaneView.swift in Sources */,
				C45D7429D0F95157EE630D30 /* TextPromptSheet.swift in Sources */,
			);
			runOnlyForDeploymentPostprocessing = 0;
		};
/* End PBXSourcesBuildPhase section */

/* Begin PBXTargetDependency section */
		B87D02C4D8E0AD4979D487E6 /* PBXTargetDependency */ = {
			isa = PBXTargetDependency;
			target = 74D681D1EE56FDC67E22CE35 /* DOpusMac */;
			targetProxy = BB3CD0E29448E4749C7BA129 /* PBXContainerItemProxy */;
		};
/* End PBXTargetDependency section */

/* Begin XCBuildConfiguration section */
		05E7263F296308776A74D8AC /* Debug */ = {
			isa = XCBuildConfiguration;
			buildSettings = {
				BUNDLE_LOADER = "$(TEST_HOST)";
				COMBINE_HIDPI_IMAGES = YES;
				GENERATE_INFOPLIST_FILE = YES;
				LD_RUNPATH_SEARCH_PATHS = (
					"$(inherited)",
					"@executable_path/Frameworks",
					"@loader_path/Frameworks",
				);
				PRODUCT_BUNDLE_IDENTIFIER = local.DOpusMac.EndToEndUITests;
				SDKROOT = macosx;
				SWIFT_VERSION = 5.9;
				TEST_TARGET_NAME = DOpusMac;
			};
			name = Debug;
		};
		1D1F6BF141B09E944BCB2D66 /* Debug */ = {
			isa = XCBuildConfiguration;
			buildSettings = {
				ALWAYS_SEARCH_USER_PATHS = NO;
				CLANG_ANALYZER_NONNULL = YES;
				CLANG_ANALYZER_NUMBER_OBJECT_CONVERSION = YES_AGGRESSIVE;
				CLANG_CXX_LANGUAGE_STANDARD = "gnu++14";
				CLANG_CXX_LIBRARY = "libc++";
				CLANG_ENABLE_MODULES = YES;
				CLANG_ENABLE_OBJC_ARC = YES;
				CLANG_ENABLE_OBJC_WEAK = YES;
				CLANG_WARN_BLOCK_CAPTURE_AUTORELEASING = YES;
				CLANG_WARN_BOOL_CONVERSION = YES;
				CLANG_WARN_COMMA = YES;
				CLANG_WARN_CONSTANT_CONVERSION = YES;
				CLANG_WARN_DEPRECATED_OBJC_IMPLEMENTATIONS = YES;
				CLANG_WARN_DIRECT_OBJC_ISA_USAGE = YES_ERROR;
				CLANG_WARN_DOCUMENTATION_COMMENTS = YES;
				CLANG_WARN_EMPTY_BODY = YES;
				CLANG_WARN_ENUM_CONVERSION = YES;
				CLANG_WARN_INFINITE_RECURSION = YES;
				CLANG_WARN_INT_CONVERSION = YES;
				CLANG_WARN_NON_LITERAL_NULL_CONVERSION = YES;
				CLANG_WARN_OBJC_IMPLICIT_RETAIN_SELF = YES;
				CLANG_WARN_OBJC_LITERAL_CONVERSION = YES;
				CLANG_WARN_OBJC_ROOT_CLASS = YES_ERROR;
				CLANG_WARN_QUOTED_INCLUDE_IN_FRAMEWORK_HEADER = YES;
				CLANG_WARN_RANGE_LOOP_ANALYSIS = YES;
				CLANG_WARN_STRICT_PROTOTYPES = YES;
				CLANG_WARN_SUSPICIOUS_MOVE = YES;
				CLANG_WARN_UNGUARDED_AVAILABILITY = YES_AGGRESSIVE;
				CLANG_WARN_UNREACHABLE_CODE = YES;
				CLANG_WARN__DUPLICATE_METHOD_MATCH = YES;
				COPY_PHASE_STRIP = NO;
				DEBUG_INFORMATION_FORMAT = dwarf;
				ENABLE_STRICT_OBJC_MSGSEND = YES;
				ENABLE_TESTABILITY = YES;
				GCC_C_LANGUAGE_STANDARD = gnu11;
				GCC_DYNAMIC_NO_PIC = NO;
				GCC_NO_COMMON_BLOCKS = YES;
				GCC_OPTIMIZATION_LEVEL = 0;
				GCC_PREPROCESSOR_DEFINITIONS = (
					"$(inherited)",
					"DEBUG=1",
				);
				GCC_WARN_64_TO_32_BIT_CONVERSION = YES;
				GCC_WARN_ABOUT_RETURN_TYPE = YES_ERROR;
				GCC_WARN_UNDECLARED_SELECTOR = YES;
				GCC_WARN_UNINITIALIZED_AUTOS = YES_AGGRESSIVE;
				GCC_WARN_UNUSED_FUNCTION = YES;
				GCC_WARN_UNUSED_VARIABLE = YES;
				MACOSX_DEPLOYMENT_TARGET = 13.0;
				MTL_ENABLE_DEBUG_INFO = INCLUDE_SOURCE;
				MTL_FAST_MATH = YES;
				ONLY_ACTIVE_ARCH = YES;
				PRODUCT_NAME = "$(TARGET_NAME)";
				SDKROOT = macosx;
				SWIFT_ACTIVE_COMPILATION_CONDITIONS = DEBUG;
				SWIFT_OPTIMIZATION_LEVEL = "-Onone";
				SWIFT_VERSION = 5.0;
			};
			name = Debug;
		};
		27DA94B38C8EC4B5DD6B504C /* Release */ = {
			isa = XCBuildConfiguration;
			buildSettings = {
				ASSETCATALOG_COMPILER_APPICON_NAME = AppIcon;
				CODE_SIGN_ENTITLEMENTS = Resources/DOpusMac.entitlements;
				CODE_SIGN_STYLE = Automatic;
				COMBINE_HIDPI_IMAGES = YES;
				CURRENT_PROJECT_VERSION = 1;
				DEBUG_INFORMATION_FORMAT = "dwarf-with-dsym";
				ENABLE_HARDENED_RUNTIME = YES;
				ENABLE_USER_SCRIPT_SANDBOXING = NO;
				GENERATE_INFOPLIST_FILE = NO;
				INFOPLIST_FILE = Resources/Info.plist;
				LD_RUNPATH_SEARCH_PATHS = (
					"$(inherited)",
					"@executable_path/../Frameworks",
				);
				MACOSX_DEPLOYMENT_TARGET = 13.0;
				MARKETING_VERSION = 1.0;
				PRODUCT_BUNDLE_IDENTIFIER = local.DOpusMac;
				SDKROOT = macosx;
				SWIFT_VERSION = 5.9;
			};
			name = Release;
		};
		9A9BC531F1BEDEB3FCDB9829 /* Release */ = {
			isa = XCBuildConfiguration;
			buildSettings = {
				BUNDLE_LOADER = "$(TEST_HOST)";
				COMBINE_HIDPI_IMAGES = YES;
				GENERATE_INFOPLIST_FILE = YES;
				LD_RUNPATH_SEARCH_PATHS = (
					"$(inherited)",
					"@executable_path/Frameworks",
					"@loader_path/Frameworks",
				);
				PRODUCT_BUNDLE_IDENTIFIER = local.DOpusMac.EndToEndUITests;
				SDKROOT = macosx;
				SWIFT_VERSION = 5.9;
				TEST_TARGET_NAME = DOpusMac;
			};
			name = Release;
		};
		CFEEF4960E9C958AFC554A73 /* Debug */ = {
			isa = XCBuildConfiguration;
			buildSettings = {
				ASSETCATALOG_COMPILER_APPICON_NAME = AppIcon;
				CODE_SIGN_ENTITLEMENTS = Resources/DOpusMac.entitlements;
				CODE_SIGN_STYLE = Automatic;
				COMBINE_HIDPI_IMAGES = YES;
				CURRENT_PROJECT_VERSION = 1;
				DEBUG_INFORMATION_FORMAT = dwarf;
				ENABLE_HARDENED_RUNTIME = YES;
				ENABLE_TESTABILITY = YES;
				ENABLE_USER_SCRIPT_SANDBOXING = NO;
				GENERATE_INFOPLIST_FILE = NO;
				INFOPLIST_FILE = Resources/Info.plist;
				LD_RUNPATH_SEARCH_PATHS = (
					"$(inherited)",
					"@executable_path/../Frameworks",
				);
				MACOSX_DEPLOYMENT_TARGET = 13.0;
				MARKETING_VERSION = 1.0;
				PRODUCT_BUNDLE_IDENTIFIER = local.DOpusMac;
				SDKROOT = macosx;
				SWIFT_VERSION = 5.9;
			};
			name = Debug;
		};
		F6157D2BF9B63A2AB6CBAEC1 /* Release */ = {
			isa = XCBuildConfiguration;
			buildSettings = {
				ALWAYS_SEARCH_USER_PATHS = NO;
				CLANG_ANALYZER_NONNULL = YES;
				CLANG_ANALYZER_NUMBER_OBJECT_CONVERSION = YES_AGGRESSIVE;
				CLANG_CXX_LANGUAGE_STANDARD = "gnu++14";
				CLANG_CXX_LIBRARY = "libc++";
				CLANG_ENABLE_MODULES = YES;
				CLANG_ENABLE_OBJC_ARC = YES;
				CLANG_ENABLE_OBJC_WEAK = YES;
				CLANG_WARN_BLOCK_CAPTURE_AUTORELEASING = YES;
				CLANG_WARN_BOOL_CONVERSION = YES;
				CLANG_WARN_COMMA = YES;
				CLANG_WARN_CONSTANT_CONVERSION = YES;
				CLANG_WARN_DEPRECATED_OBJC_IMPLEMENTATIONS = YES;
				CLANG_WARN_DIRECT_OBJC_ISA_USAGE = YES_ERROR;
				CLANG_WARN_DOCUMENTATION_COMMENTS = YES;
				CLANG_WARN_EMPTY_BODY = YES;
				CLANG_WARN_ENUM_CONVERSION = YES;
				CLANG_WARN_INFINITE_RECURSION = YES;
				CLANG_WARN_INT_CONVERSION = YES;
				CLANG_WARN_NON_LITERAL_NULL_CONVERSION = YES;
				CLANG_WARN_OBJC_IMPLICIT_RETAIN_SELF = YES;
				CLANG_WARN_OBJC_LITERAL_CONVERSION = YES;
				CLANG_WARN_OBJC_ROOT_CLASS = YES_ERROR;
				CLANG_WARN_QUOTED_INCLUDE_IN_FRAMEWORK_HEADER = YES;
				CLANG_WARN_RANGE_LOOP_ANALYSIS = YES;
				CLANG_WARN_STRICT_PROTOTYPES = YES;
				CLANG_WARN_SUSPICIOUS_MOVE = YES;
				CLANG_WARN_UNGUARDED_AVAILABILITY = YES_AGGRESSIVE;
				CLANG_WARN_UNREACHABLE_CODE = YES;
				CLANG_WARN__DUPLICATE_METHOD_MATCH = YES;
				COPY_PHASE_STRIP = NO;
				DEBUG_INFORMATION_FORMAT = "dwarf-with-dsym";
				ENABLE_NS_ASSERTIONS = NO;
				ENABLE_STRICT_OBJC_MSGSEND = YES;
				GCC_C_LANGUAGE_STANDARD = gnu11;
				GCC_NO_COMMON_BLOCKS = YES;
				GCC_WARN_64_TO_32_BIT_CONVERSION = YES;
				GCC_WARN_ABOUT_RETURN_TYPE = YES_ERROR;
				GCC_WARN_UNDECLARED_SELECTOR = YES;
				GCC_WARN_UNINITIALIZED_AUTOS = YES_AGGRESSIVE;
				GCC_WARN_UNUSED_FUNCTION = YES;
				GCC_WARN_UNUSED_VARIABLE = YES;
				MACOSX_DEPLOYMENT_TARGET = 13.0;
				MTL_ENABLE_DEBUG_INFO = NO;
				MTL_FAST_MATH = YES;
				PRODUCT_NAME = "$(TARGET_NAME)";
				SDKROOT = macosx;
				SWIFT_COMPILATION_MODE = wholemodule;
				SWIFT_OPTIMIZATION_LEVEL = "-O";
				SWIFT_VERSION = 5.0;
			};
			name = Release;
		};
/* End XCBuildConfiguration section */

/* Begin XCConfigurationList section */
		4023BD54CE83E12087A87234 /* Build configuration list for PBXProject "DOpusMac" */ = {
			isa = XCConfigurationList;
			buildConfigurations = (
				1D1F6BF141B09E944BCB2D66 /* Debug */,
				F6157D2BF9B63A2AB6CBAEC1 /* Release */,
			);
			defaultConfigurationIsVisible = 0;
			defaultConfigurationName = Debug;
		};
		99BC92B60D4B5FF8BF28519B /* Build configuration list for PBXNativeTarget "DOpusMacEndToEndUITests" */ = {
			isa = XCConfigurationList;
			buildConfigurations = (
				05E7263F296308776A74D8AC /* Debug */,
				9A9BC531F1BEDEB3FCDB9829 /* Release */,
			);
			defaultConfigurationIsVisible = 0;
			defaultConfigurationName = Debug;
		};
		D181609BCF8046F137150930 /* Build configuration list for PBXNativeTarget "DOpusMac" */ = {
			isa = XCConfigurationList;
			buildConfigurations = (
				CFEEF4960E9C958AFC554A73 /* Debug */,
				27DA94B38C8EC4B5DD6B504C /* Release */,
			);
			defaultConfigurationIsVisible = 0;
			defaultConfigurationName = Debug;
		};
/* End XCConfigurationList section */
	};
	rootObject = 2735387110C5CA61D63E1BE0 /* Project object */;
}
